
Microsoft Visual Studio Solution File, Format Version 12.00
# Visual Studio 15
VisualStudioVersion = 15.0.27130.2027
MinimumVisualStudioVersion = 10.0.40219.1
Project("{FAE04EC0-301F-11D3-BF4B-00C04F79EFBC}") = "Solution", "Solution\Solution.csproj", "{8DDFE99F-1BEB-4100-AAC8-6875BEF69A75}"
EndProject
Global
	GlobalSection(SolutionConfigurationPlatforms) = preSolution
		Debug|Any CPU = Debug|Any CPU
		Release|Any CPU = Release|Any CPU
	EndGlobalSection
	GlobalSection(ProjectConfigurationPlatforms) = postSolution
		{8DDFE99F-1BEB-4100-AAC8-6875BEF69A75}.Debug|Any CPU.ActiveCfg = Debug|Any CPU
		{8DDFE99F-1BEB-4100-AAC8-6875BEF69A75}.Debug|Any CPU.Build.0 = Debug|Any CPU
		{8DDFE99F-1BEB-4100-AAC8-6875BEF69A75}.Release|Any CPU.ActiveCfg = Release|Any CPU
		{8DDFE99F-1BEB-4100-AAC8-6875BEF69A75}.Release|Any CPU.Build.0 = Release|Any CPU
	EndGlobalSection
	GlobalSection(SolutionProperties) = preSolution
		HideSolutionNode = FALSE
	EndGlobalSection
	GlobalSection(ExtensibilityGlobals) = postSolution
		SolutionGuid = {76CB1641-0736-4C2C-A331-3A6DA1781750}
	EndGlobalSection
EndGlobal
